
Microsoft Visual Studio Solution File, Format Version 12.00
# Visual Studio Version 17
VisualStudioVersion = 17.11.35312.102
MinimumVisualStudioVersion = 10.0.40219.1
Project("{FAE04EC0-301F-11D3-BF4B-00C04F79EFBC}") = "Adventure", "Adventure\Adventure.csproj", "{529BDF73-63C9-4995-927A-A20B075A4C81}"
EndProject
Project("{FAE04EC0-301F-11D3-BF4B-00C04F79EFBC}") = "Engine", "Engine\Engine.csproj", "{7E1D12E3-9A16-4CAF-A448-07C539170FD4}"
EndProject
Global
	GlobalSection(SolutionConfigurationPlatforms) = preSolution
		Debug|Any CPU = Debug|Any CPU
		Release|Any CPU = Release|Any CPU
	EndGlobalSection
	GlobalSection(ProjectConfigurationPlatforms) = postSolution
		{529BDF73-63C9-4995-927A-A20B075A4C81}.Debug|Any CPU.ActiveCfg = Debug|Any CPU
		{529BDF73-63C9-4995-927A-A20B075A4C81}.Debug|Any CPU.Build.0 = Debug|Any CPU
		{529BDF73-63C9-4995-927A-A20B075A4C81}.Release|Any CPU.ActiveCfg = Release|Any CPU
		{529BDF73-63C9-4995-927A-A20B075A4C81}.Release|Any CPU.Build.0 = Release|Any CPU
		{7E1D12E3-9A16-4CAF-A448-07C539170FD4}.Debug|Any CPU.ActiveCfg = Debug|Any CPU
		{7E1D12E3-9A16-4CAF-A448-07C539170FD4}.Debug|Any CPU.Build.0 = Debug|Any CPU
		{7E1D12E3-9A16-4CAF-A448-07C539170FD4}.Release|Any CPU.ActiveCfg = Release|Any CPU
		{7E1D12E3-9A16-4CAF-A448-07C539170FD4}.Release|Any CPU.Build.0 = Release|Any CPU
	EndGlobalSection
	GlobalSection(SolutionProperties) = preSolution
		HideSolutionNode = FALSE
	EndGlobalSection
	GlobalSection(ExtensibilityGlobals) = postSolution
		SolutionGuid = {F5B47C2D-3175-4400-B86F-1A34CF833699}
	EndGlobalSection
EndGlobal
